
Microsoft Visual Studio Solution File, Format Version 12.00
Project("{FAE04EC0-301F-11D3-BF4B-00C04F79EFBC}") = "spider", "spider\spider.csproj", "{664D8D8A-CB82-448E-913A-D45928D462CE}"
EndProject
Global
	GlobalSection(SolutionConfigurationPlatforms) = preSolution
		Debug|Any CPU = Debug|Any CPU
		Release|Any CPU = Release|Any CPU
	EndGlobalSection
	GlobalSection(ProjectConfigurationPlatforms) = postSolution
		{664D8D8A-CB82-448E-913A-D45928D462CE}.Debug|Any CPU.ActiveCfg = Debug|Any CPU
		{664D8D8A-CB82-448E-913A-D45928D462CE}.Debug|Any CPU.Build.0 = Debug|Any CPU
		{664D8D8A-CB82-448E-913A-D45928D462CE}.Release|Any CPU.ActiveCfg = Release|Any CPU
		{664D8D8A-CB82-448E-913A-D45928D462CE}.Release|Any CPU.Build.0 = Release|Any CPU
	EndGlobalSection
EndGlobal
